
Microsoft Visual Studio Solution File, Format Version 12.00
# Visual Studio Version 17
VisualStudioVersion = 17.0.31903.59
MinimumVisualStudioVersion = 10.0.40219.1
Project("{FAE04EC0-301F-11D3-BF4B-00C04F79EFBC}") = "Fitness.Core", "Fitness.Core\Fitness.Core.csproj", "{6F759E32-2732-483B-8387-9E02AA0CC43B}"
EndProject
Project("{FAE04EC0-301F-11D3-BF4B-00C04F79EFBC}") = "Fitness.UI.Console", "Fitness.UI.Console\Fitness.UI.Console.csproj", "{AE81C34E-04A5-4ECA-9436-EFB0E57418A7}"
EndProject
Global
	GlobalSection(SolutionConfigurationPlatforms) = preSolution
		Debug|Any CPU = Debug|Any CPU
		Release|Any CPU = Release|Any CPU
	EndGlobalSection
	GlobalSection(ProjectConfigurationPlatforms) = postSolution
		{6F759E32-2732-483B-8387-9E02AA0CC43B}.Debug|Any CPU.ActiveCfg = Debug|Any CPU
		{6F759E32-2732-483B-8387-9E02AA0CC43B}.Debug|Any CPU.Build.0 = Debug|Any CPU
		{6F759E32-2732-483B-8387-9E02AA0CC43B}.Release|Any CPU.ActiveCfg = Release|Any CPU
		{6F759E32-2732-483B-8387-9E02AA0CC43B}.Release|Any CPU.Build.0 = Release|Any CPU
		{AE81C34E-04A5-4ECA-9436-EFB0E57418A7}.Debug|Any CPU.ActiveCfg = Debug|Any CPU
		{AE81C34E-04A5-4ECA-9436-EFB0E57418A7}.Debug|Any CPU.Build.0 = Debug|Any CPU
		{AE81C34E-04A5-4ECA-9436-EFB0E57418A7}.Release|Any CPU.ActiveCfg = Release|Any CPU
		{AE81C34E-04A5-4ECA-9436-EFB0E57418A7}.Release|Any CPU.Build.0 = Release|Any CPU
	EndGlobalSection
	GlobalSection(SolutionProperties) = preSolution
		HideSolutionNode = FALSE
	EndGlobalSection
EndGlobal
